<Solution>
  <Folder Name="/Solution Items/">
    <File Path=".editorconfig" />
    <File Path="Directory.Build.props" />
  </Folder>
  <Folder Name="/src/" />
  <Folder Name="/src/API/">
    <Project Path="src/API/FoodDeliveryService.Api/FoodDeliveryService.Api.csproj" />
  </Folder>
  <Folder Name="/src/Common/">
    <Project Path="src/Common/FoodDeliveryService.Common.Application/FoodDeliveryService.Common.Application.csproj" Id="c1ab6131-f26b-4f87-b103-2c65f1b4c32b" />
    <Project Path="src/Common/FoodDeliveryService.Common.Domain/FoodDeliveryService.Common.Domain.csproj" Id="dfc400c2-b82b-4fb2-b757-fc9e8a12b592" />
    <Project Path="src/Common/FoodDeliveryService.Common.Infrastructure/FoodDeliveryService.Common.Infrastructure.csproj" Id="85a497ed-4740-4c9d-8eeb-64ec71ac8da3" />
    <Project Path="src/Common/FoodDeliveryService.Common.Presentation/FoodDeliveryService.Common.Presentation.csproj" Id="6b906da1-eeb4-4469-91a6-37c6dd4541a6" />
  </Folder>
  <Folder Name="/src/Modules/" />
  <Folder Name="/src/Modules/Users/">
    <Project Path="src/Modules/Users/FoodDeliveryService.Modules.Users.Application/FoodDeliveryService.Modules.Users.Application.csproj" Id="3b7d59d0-7c6c-431a-a7ff-884f8a6bfaa4" />
    <Project Path="src/Modules/Users/FoodDeliveryService.Modules.Users.Domain/FoodDeliveryService.Modules.Users.Domain.csproj" Id="4d0b6689-1b04-49ad-9b4e-ea7eefd70edf" />
    <Project Path="src/Modules/Users/FoodDeliveryService.Modules.Users.Infrastructure/FoodDeliveryService.Modules.Users.Infrastructure.csproj" Id="d7640538-7b96-4512-8491-f2a9f3608b30" />
    <Project Path="src/Modules/Users/FoodDeliveryService.Modules.Users.IntegrationEvents/FoodDeliveryService.Modules.Users.IntegrationEvents.csproj" Id="c5641d4a-5ed6-499f-87e4-ac8eba605490" />
    <Project Path="src/Modules/Users/FoodDeliveryService.Modules.Users.Presentation/FoodDeliveryService.Modules.Users.Presentation.csproj" Id="57a3f0ba-daa8-4500-88a9-f20a9fb07323" />
  </Folder>
  <Folder Name="/test/" />
</Solution>
